
Microsoft Visual Studio Solution File, Format Version 12.00
# Visual Studio 15
VisualStudioVersion = 15.0.28307.902
MinimumVisualStudioVersion = 10.0.40219.1
Project("{FAE04EC0-301F-11D3-BF4B-00C04F79EFBC}") = "Zadatak.UI", "Zadatak\Zadatak.UI.csproj", "{F3E0A74A-48D0-47BC-B682-783974F3D453}"
EndProject
Project("{FAE04EC0-301F-11D3-BF4B-00C04F79EFBC}") = "Zadatak.Model", "Zadatak.Model\Zadatak.Model.csproj", "{9FF30088-31FB-4384-A2C7-9CEB294C2219}"
EndProject
Project("{FAE04EC0-301F-11D3-BF4B-00C04F79EFBC}") = "Zadatak.ViewModel", "Zadatak.ViewModel\Zadatak.ViewModel.csproj", "{8E058858-4BA5-481F-864F-F15365472D9C}"
EndProject
Global
	GlobalSection(SolutionConfigurationPlatforms) = preSolution
		Debug|Any CPU = Debug|Any CPU
		Release|Any CPU = Release|Any CPU
	EndGlobalSection
	GlobalSection(ProjectConfigurationPlatforms) = postSolution
		{F3E0A74A-48D0-47BC-B682-783974F3D453}.Debug|Any CPU.ActiveCfg = Debug|Any CPU
		{F3E0A74A-48D0-47BC-B682-783974F3D453}.Debug|Any CPU.Build.0 = Debug|Any CPU
		{F3E0A74A-48D0-47BC-B682-783974F3D453}.Release|Any CPU.ActiveCfg = Release|Any CPU
		{F3E0A74A-48D0-47BC-B682-783974F3D453}.Release|Any CPU.Build.0 = Release|Any CPU
		{9FF30088-31FB-4384-A2C7-9CEB294C2219}.Debug|Any CPU.ActiveCfg = Debug|Any CPU
		{9FF30088-31FB-4384-A2C7-9CEB294C2219}.Debug|Any CPU.Build.0 = Debug|Any CPU
		{9FF30088-31FB-4384-A2C7-9CEB294C2219}.Release|Any CPU.ActiveCfg = Release|Any CPU
		{9FF30088-31FB-4384-A2C7-9CEB294C2219}.Release|Any CPU.Build.0 = Release|Any CPU
		{8E058858-4BA5-481F-864F-F15365472D9C}.Debug|Any CPU.ActiveCfg = Debug|Any CPU
		{8E058858-4BA5-481F-864F-F15365472D9C}.Debug|Any CPU.Build.0 = Debug|Any CPU
		{8E058858-4BA5-481F-864F-F15365472D9C}.Release|Any CPU.ActiveCfg = Release|Any CPU
		{8E058858-4BA5-481F-864F-F15365472D9C}.Release|Any CPU.Build.0 = Release|Any CPU
	EndGlobalSection
	GlobalSection(SolutionProperties) = preSolution
		HideSolutionNode = FALSE
	EndGlobalSection
	GlobalSection(ExtensibilityGlobals) = postSolution
		SolutionGuid = {9AE63D01-6044-4619-81A1-27126139ECB1}
	EndGlobalSection
EndGlobal
